// !$*UTF8*$!
{
	archiveVersion = 1;
	classes = {
	};
	objectVersion = 50;
	objects = {

/* Begin PBXBuildFile section */
		5FC0DA7825EA3FCD0050D87C /* AppDelegate.swift in Sources */ = {isa = PBXBuildFile; fileRef = 5FC0DA7725EA3FCD0050D87C /* AppDelegate.swift */; };
		5FC0DA7A25EA3FCE0050D87C /* SceneDelegate.swift in Sources */ = {isa = PBXBuildFile; fileRef = 5FC0DA7925EA3FCE0050D87C /* SceneDelegate.swift */; };
		5FC0DA7C25EA3FCE0050D87C /* ContentView.swift in Sources */ = {isa = PBXBuildFile; fileRef = 5FC0DA7B25EA3FCE0050D87C /* ContentView.swift */; };
		5FC0DA7E25EA3FD10050D87C /* Assets.xcassets in Resources */ = {isa = PBXBuildFile; fileRef = 5FC0DA7D25EA3FD10050D87C /* Assets.xcassets */; };
		5FC0DA8125EA3FD10050D87C /* Preview Assets.xcassets in Resources */ = {isa = PBXBuildFile; fileRef = 5FC0DA8025EA3FD10050D87C /* Preview Assets.xcassets */; };
		5FC0DA8425EA3FD10050D87C /* LaunchScreen.storyboard in Resources */ = {isa = PBXBuildFile; fileRef = 5FC0DA8225EA3FD10050D87C /* LaunchScreen.storyboard */; };
/* End PBXBuildFile section */

/* Begin PBXFileReference section */
		5FC0DA7425EA3FCD0050D87C /* DataStaff.app */ = {isa = PBXFileReference; explicitFileType = wrapper.application; includeInIndex = 0; path = DataStaff.app; sourceTree = BUILT_PRODUCTS_DIR; };
		5FC0DA7725EA3FCD0050D87C /* AppDelegate.swift */ = {isa = PBXFileReference; lastKnownFileType = sourcecode.swift; path = AppDelegate.swift; sourceTree = "<group>"; };
		5FC0DA7925EA3FCE0050D87C /* SceneDelegate.swift */ = {isa = PBXFileReference; lastKnownFileType = sourcecode.swift; path = SceneDelegate.swift; sourceTree = "<group>"; };
		5FC0DA7B25EA3FCE0050D87C /* ContentView.swift */ = {isa = PBXFileReference; lastKnownFileType = sourcecode.swift; path = ContentView.swift; sourceTree = "<group>"; };
		5FC0DA7D25EA3FD10050D87C /* Assets.xcassets */ = {isa = PBXFileReference; lastKnownFileType = folder.assetcatalog; path = Assets.xcassets; sourceTree = "<group>"; };
		5FC0DA8025EA3FD10050D87C /* Preview Assets.xcassets */ = {isa = PBXFileReference; lastKnownFileType = folder.assetcatalog; path = "Preview Assets.xcassets"; sourceTree = "<group>"; };
		5FC0DA8325EA3FD10050D87C /* Base */ = {isa = PBXFileReference; lastKnownFileType = file.storyboard; name = Base; path = Base.lproj/LaunchScreen.storyboard; sourceTree = "<group>"; };
		5FC0DA8525EA3FD10050D87C /* Info.plist */ = {isa = PBXFileReference; lastKnownFileType = text.plist.xml; path = Info.plist; sourceTree = "<group>"; };
/* End PBXFileReference section */

/* Begin PBXFrameworksBuildPhase section */
		5FC0DA7125EA3FCD0050D87C /* Frameworks */ = {
			isa = PBXFrameworksBuildPhase;
			buildActionMask = 2147483647;
			files = (
			);
			runOnlyForDeploymentPostprocessing = 0;
		};
/* End PBXFrameworksBuildPhase section */

/* Begin PBXGroup section */
		5FC0DA6B25EA3FCD0050D87C = {
			isa = PBXGroup;
			children = (
				5FC0DA7625EA3FCD0050D87C /* DataStaff */,
				5FC0DA7525EA3FCD0050D87C /* Products */,
			);
			sourceTree = "<group>";
		};
		5FC0DA7525EA3FCD0050D87C /* Products */ = {
			isa = PBXGroup;
			children = (
				5FC0DA7425EA3FCD0050D87C /* DataStaff.app */,
			);
			name = Products;
			sourceTree = "<group>";
		};
		5FC0DA7625EA3FCD0050D87C /* DataStaff */ = {
			isa = PBXGroup;
			children = (
				5FC0DA7725EA3FCD0050D87C /* AppDelegate.swift */,
				5FC0DA7925EA3FCE0050D87C /* SceneDelegate.swift */,
				5FC0DA7B25EA3FCE0050D87C /* ContentView.swift */,
				5FC0DA7D25EA3FD10050D87C /* Assets.xcassets */,
				5FC0DA8225EA3FD10050D87C /* LaunchScreen.storyboard */,
				5FC0DA8525EA3FD10050D87C /* Info.plist */,
				5FC0DA7F25EA3FD10050D87C /* Preview Content */,
			);
			path = DataStaff;
			sourceTree = "<group>";
		};
		5FC0DA7F25EA3FD10050D87C /* Preview Content */ = {
			isa = PBXGroup;
			children = (
				5FC0DA8025EA3FD10050D87C /* Preview Assets.xcassets */,
			);
			path = "Preview Content";
			sourceTree = "<group>";
		};
/* End PBXGroup section */

/* Begin PBXNativeTarget section */
		5FC0DA7325EA3FCD0050D87C /* DataStaff */ = {
			isa = PBXNativeTarget;
			buildConfigurationList = 5FC0DA8825EA3FD10050D87C /* Build configuration list for PBXNativeTarget "DataStaff" */;
			buildPhases = (
				5FC0DA7025EA3FCD0050D87C /* Sources */,
				5FC0DA7125EA3FCD0050D87C /* Frameworks */,
				5FC0DA7225EA3FCD0050D87C /* Resources */,
			);
			buildRules = (
			);
			dependencies = (
			);
			name = DataStaff;
			productName = DataStaff;
			productReference = 5FC0DA7425EA3FCD0050D87C /* DataStaff.app */;
			productType = "com.apple.product-type.application";
		};
/* End PBXNativeTarget section */

/* Begin PBXProject section */
		5FC0DA6C25EA3FCD0050D87C /* Project object */ = {
			isa = PBXProject;
			attributes = {
				LastSwiftUpdateCheck = 1230;
				LastUpgradeCheck = 1230;
				TargetAttributes = {
					5FC0DA7325EA3FCD0050D87C = {
						CreatedOnToolsVersion = 12.3;
					};
				};
			};
			buildConfigurationList = 5FC0DA6F25EA3FCD0050D87C /* Build configuration list for PBXProject "DataStaff" */;
			compatibilityVersion = "Xcode 9.3";
			developmentRegion = en;
			hasScannedForEncodings = 0;
			knownRegions = (
				en,
				Base,
			);
			mainGroup = 5FC0DA6B25EA3FCD0050D87C;
			productRefGroup = 5FC0DA7525EA3FCD0050D87C /* Products */;
			projectDirPath = "";
			projectRoot = "";
			targets = (
				5FC0DA7325EA3FCD0050D87C /* DataStaff */,
			);
		};
/* End PBXProject section */

/* Begin PBXResourcesBuildPhase section */
		5FC0DA7225EA3FCD0050D87C /* Resources */ = {
			isa = PBXResourcesBuildPhase;
			buildActionMask = 2147483647;
			files = (
				5FC0DA8425EA3FD10050D87C /* LaunchScreen.storyboard in Resources */,
				5FC0DA8125EA3FD10050D87C /* Preview Assets.xcassets in Resources */,
				5FC0DA7E25EA3FD10050D87C /* Assets.xcassets in Resources */,
			);
			runOnlyForDeploymentPostprocessing = 0;
		};
/* End PBXResourcesBuildPhase section */

/* Begin PBXSourcesBuildPhase section */
		5FC0DA7025EA3FCD0050D87C /* Sources */ = {
			isa = PBXSourcesBuildPhase;
			buildActionMask = 2147483647;
			files = (
				5FC0DA7825EA3FCD0050D87C /* AppDelegate.swift in Sources */,
				5FC0DA7A25EA3FCE0050D87C /* SceneDelegate.swift in Sources */,
				5FC0DA7C25EA3FCE0050D87C /* ContentView.swift in Sources */,
			);
			runOnlyForDeploymentPostprocessing = 0;
		};
/* End PBXSourcesBuildPhase section */

/* Begin PBXVariantGroup section */
		5FC0DA8225EA3FD10050D87C /* LaunchScreen.storyboard */ = {
			isa = PBXVariantGroup;
			children = (
				5FC0DA8325EA3FD10050D87C /* Base */,
			);
			name = LaunchScreen.storyboard;
			sourceTree = "<group>";
		};
/* End PBXVariantGroup section */

/* Begin XCBuildConfiguration section */
		5FC0DA8625EA3FD10050D87C /* Debug */ = {
			isa = XCBuildConfiguration;
			buildSettings = {
				ALWAYS_SEARCH_USER_PATHS = NO;
				CLANG_ANALYZER_NONNULL = YES;
				CLANG_ANALYZER_NUMBER_OBJECT_CONVERSION = YES_AGGRESSIVE;
				CLANG_CXX_LANGUAGE_STANDARD = "gnu++14";
				CLANG_CXX_LIBRARY = "libc++";
				CLANG_ENABLE_MODULES = YES;
				CLANG_ENABLE_OBJC_ARC = YES;
				CLANG_ENABLE_OBJC_WEAK = YES;
				CLANG_WARN_BLOCK_CAPTURE_AUTORELEASING = YES;
				CLANG_WARN_BOOL_CONVERSION = YES;
				CLANG_WARN_COMMA = YES;
				CLANG_WARN_CONSTANT_CONVERSION = YES;
				CLANG_WARN_DEPRECATED_OBJC_IMPLEMENTATIONS = YES;
				CLANG_WARN_DIRECT_OBJC_ISA_USAGE = YES_ERROR;
				CLANG_WARN_DOCUMENTATION_COMMENTS = YES;
				CLANG_WARN_EMPTY_BODY = YES;
				CLANG_WARN_ENUM_CONVERSION = YES;
				CLANG_WARN_INFINITE_RECURSION = YES;
				CLANG_WARN_INT_CONVERSION = YES;
				CLANG_WARN_NON_LITERAL_NULL_CONVERSION = YES;
				CLANG_WARN_OBJC_IMPLICIT_RETAIN_SELF = YES;
				CLANG_WARN_OBJC_LITERAL_CONVERSION = YES;
				CLANG_WARN_OBJC_ROOT_CLASS = YES_ERROR;
				CLANG_WARN_QUOTED_INCLUDE_IN_FRAMEWORK_HEADER = YES;
				CLANG_WARN_RANGE_LOOP_ANALYSIS = YES;
				CLANG_WARN_STRICT_PROTOTYPES = YES;
				CLANG_WARN_SUSPICIOUS_MOVE = YES;
				CLANG_WARN_UNGUARDED_AVAILABILITY = YES_AGGRESSIVE;
				CLANG_WARN_UNREACHABLE_CODE = YES;
				CLANG_WARN__DUPLICATE_METHOD_MATCH = YES;
				COPY_PHASE_STRIP = NO;
				DEBUG_INFORMATION_FORMAT = dwarf;
				ENABLE_STRICT_OBJC_MSGSEND = YES;
				ENABLE_TESTABILITY = YES;
				GCC_C_LANGUAGE_STANDARD = gnu11;
				GCC_DYNAMIC_NO_PIC = NO;
				GCC_NO_COMMON_BLOCKS = YES;
				GCC_OPTIMIZATION_LEVEL = 0;
				GCC_PREPROCESSOR_DEFINITIONS = (
					"DEBUG=1",
					"$(inherited)",
				);
				GCC_WARN_64_TO_32_BIT_CONVERSION = YES;
				GCC_WARN_ABOUT_RETURN_TYPE = YES_ERROR;
				GCC_WARN_UNDECLARED_SELECTOR = YES;
				GCC_WARN_UNINITIALIZED_AUTOS = YES_AGGRESSIVE;
				GCC_WARN_UNUSED_FUNCTION = YES;
				GCC_WARN_UNUSED_VARIABLE = YES;
				IPHONEOS_DEPLOYMENT_TARGET = 14.3;
				MTL_ENABLE_DEBUG_INFO = INCLUDE_SOURCE;
				MTL_FAST_MATH = YES;
				ONLY_ACTIVE_ARCH = YES;
				SDKROOT = iphoneos;
				SWIFT_ACTIVE_COMPILATION_CONDITIONS = DEBUG;
				SWIFT_OPTIMIZATION_LEVEL = "-Onone";
			};
			name = Debug;
		};
		5FC0DA8725EA3FD10050D87C /* Release */ = {
			isa = XCBuildConfiguration;
			buildSettings = {
				ALWAYS_SEARCH_USER_PATHS = NO;
				CLANG_ANALYZER_NONNULL = YES;
				CLANG_ANALYZER_NUMBER_OBJECT_CONVERSION = YES_AGGRESSIVE;
				CLANG_CXX_LANGUAGE_STANDARD = "gnu++14";
				CLANG_CXX_LIBRARY = "libc++";
				CLANG_ENABLE_MODULES = YES;
				CLANG_ENABLE_OBJC_ARC = YES;
				CLANG_ENABLE_OBJC_WEAK = YES;
				CLANG_WARN_BLOCK_CAPTURE_AUTORELEASING = YES;
				CLANG_WARN_BOOL_CONVERSION = YES;
				CLANG_WARN_COMMA = YES;
				CLANG_WARN_CONSTANT_CONVERSION = YES;
				CLANG_WARN_DEPRECATED_OBJC_IMPLEMENTATIONS = YES;
				CLANG_WARN_DIRECT_OBJC_ISA_USAGE = YES_ERROR;
				CLANG_WARN_DOCUMENTATION_COMMENTS = YES;
				CLANG_WARN_EMPTY_BODY = YES;
				CLANG_WARN_ENUM_CONVERSION = YES;
				CLANG_WARN_INFINITE_RECURSION = YES;
				CLANG_WARN_INT_CONVERSION = YES;
				CLANG_WARN_NON_LITERAL_NULL_CONVERSION = YES;
				CLANG_WARN_OBJC_IMPLICIT_RETAIN_SELF = YES;
				CLANG_WARN_OBJC_LITERAL_CONVERSION = YES;
				CLANG_WARN_OBJC_ROOT_CLASS = YES_ERROR;
				CLANG_WARN_QUOTED_INCLUDE_IN_FRAMEWORK_HEADER = YES;
				CLANG_WARN_RANGE_LOOP_ANALYSIS = YES;
				CLANG_WARN_STRICT_PROTOTYPES = YES;
				CLANG_WARN_SUSPICIOUS_MOVE = YES;
				CLANG_WARN_UNGUARDED_AVAILABILITY = YES_AGGRESSIVE;
				CLANG_WARN_UNREACHABLE_CODE = YES;
				CLANG_WARN__DUPLICATE_METHOD_MATCH = YES;
				COPY_PHASE_STRIP = NO;
				DEBUG_INFORMATION_FORMAT = "dwarf-with-dsym";
				ENABLE_NS_ASSERTIONS = NO;
				ENABLE_STRICT_OBJC_MSGSEND = YES;
				GCC_C_LANGUAGE_STANDARD = gnu11;
				GCC_NO_COMMON_BLOCKS = YES;
				GCC_WARN_64_TO_32_BIT_CONVERSION = YES;
				GCC_WARN_ABOUT_RETURN_TYPE = YES_ERROR;
				GCC_WARN_UNDECLARED_SELECTOR = YES;
				GCC_WARN_UNINITIALIZED_AUTOS = YES_AGGRESSIVE;
				GCC_WARN_UNUSED_FUNCTION = YES;
				GCC_WARN_UNUSED_VARIABLE = YES;
				IPHONEOS_DEPLOYMENT_TARGET = 14.3;
				MTL_ENABLE_DEBUG_INFO = NO;
				MTL_FAST_MATH = YES;
				SDKROOT = iphoneos;
				SWIFT_COMPILATION_MODE = wholemodule;
				SWIFT_OPTIMIZATION_LEVEL = "-O";
				VALIDATE_PRODUCT = YES;
			};
			name = Release;
		};
		5FC0DA8925EA3FD10050D87C /* Debug */ = {
			isa = XCBuildConfiguration;
			buildSettings = {
				ASSETCATALOG_COMPILER_APPICON_NAME = AppIcon;
				ASSETCATALOG_COMPILER_GLOBAL_ACCENT_COLOR_NAME = AccentColor;
				CODE_SIGN_STYLE = Automatic;
				DEVELOPMENT_ASSET_PATHS = "\"DataStaff/Preview Content\"";
				ENABLE_PREVIEWS = YES;
				INFOPLIST_FILE = DataStaff/Info.plist;
				LD_RUNPATH_SEARCH_PATHS = (
					"$(inherited)",
					"@executable_path/Frameworks",
				);
				PRODUCT_BUNDLE_IDENTIFIER = "mrdunacdtm-gmail.com.DataStaff";
				PRODUCT_NAME = "$(TARGET_NAME)";
				SWIFT_VERSION = 5.0;
				TARGETED_DEVICE_FAMILY = "1,2";
			};
			name = Debug;
		};
		5FC0DA8A25EA3FD10050D87C /* Release */ = {
			isa = XCBuildConfiguration;
			buildSettings = {
				ASSETCATALOG_COMPILER_APPICON_NAME = AppIcon;
				ASSETCATALOG_COMPILER_GLOBAL_ACCENT_COLOR_NAME = AccentColor;
				CODE_SIGN_STYLE = Automatic;
				DEVELOPMENT_ASSET_PATHS = "\"DataStaff/Preview Content\"";
				ENABLE_PREVIEWS = YES;
				INFOPLIST_FILE = DataStaff/Info.plist;
				LD_RUNPATH_SEARCH_PATHS = (
					"$(inherited)",
					"@executable_path/Frameworks",
				);
				PRODUCT_BUNDLE_IDENTIFIER = "mrdunacdtm-gmail.com.DataStaff";
				PRODUCT_NAME = "$(TARGET_NAME)";
				SWIFT_VERSION = 5.0;
				TARGETED_DEVICE_FAMILY = "1,2";
			};
			name = Release;
		};
/* End XCBuildConfiguration section */

/* Begin XCConfigurationList section */
		5FC0DA6F25EA3FCD0050D87C /* Build configuration list for PBXProject "DataStaff" */ = {
			isa = XCConfigurationList;
			buildConfigurations = (
				5FC0DA8625EA3FD10050D87C /* Debug */,
				5FC0DA8725EA3FD10050D87C /* Release */,
			);
			defaultConfigurationIsVisible = 0;
			defaultConfigurationName = Release;
		};
		5FC0DA8825EA3FD10050D87C /* Build configuration list for PBXNativeTarget "DataStaff" */ = {
			isa = XCConfigurationList;
			buildConfigurations = (
				5FC0DA8925EA3FD10050D87C /* Debug */,
				5FC0DA8A25EA3FD10050D87C /* Release */,
			);
			defaultConfigurationIsVisible = 0;
			defaultConfigurationName = Release;
		};
/* End XCConfigurationList section */
	};
	rootObject = 5FC0DA6C25EA3FCD0050D87C /* Project object */;
}
